
Microsoft Visual Studio Solution File, Format Version 12.00
# Visual Studio 2012
Project("{FAE04EC0-301F-11D3-BF4B-00C04F79EFBC}") = "Encapsulation", "Encapsulation\Encapsulation.csproj", "{BDE3A43B-66A2-43DF-8280-61A05B55CAB1}"
EndProject
Global
	GlobalSection(SolutionConfigurationPlatforms) = preSolution
		Debug|Any CPU = Debug|Any CPU
		Release|Any CPU = Release|Any CPU
	EndGlobalSection
	GlobalSection(ProjectConfigurationPlatforms) = postSolution
		{BDE3A43B-66A2-43DF-8280-61A05B55CAB1}.Debug|Any CPU.ActiveCfg = Debug|Any CPU
		{BDE3A43B-66A2-43DF-8280-61A05B55CAB1}.Debug|Any CPU.Build.0 = Debug|Any CPU
		{BDE3A43B-66A2-43DF-8280-61A05B55CAB1}.Release|Any CPU.ActiveCfg = Release|Any CPU
		{BDE3A43B-66A2-43DF-8280-61A05B55CAB1}.Release|Any CPU.Build.0 = Release|Any CPU
	EndGlobalSection
	GlobalSection(SolutionProperties) = preSolution
		HideSolutionNode = FALSE
	EndGlobalSection
EndGlobal
