
Microsoft Visual Studio Solution File, Format Version 12.00
# Visual Studio 2012
Project("{FAE04EC0-301F-11D3-BF4B-00C04F79EFBC}") = "Interface", "Interface\Interface.csproj", "{ED56CB5F-97AF-478C-B49B-67020B08B20C}"
EndProject
Global
	GlobalSection(SolutionConfigurationPlatforms) = preSolution
		Debug|Any CPU = Debug|Any CPU
		Release|Any CPU = Release|Any CPU
	EndGlobalSection
	GlobalSection(ProjectConfigurationPlatforms) = postSolution
		{ED56CB5F-97AF-478C-B49B-67020B08B20C}.Debug|Any CPU.ActiveCfg = Debug|Any CPU
		{ED56CB5F-97AF-478C-B49B-67020B08B20C}.Debug|Any CPU.Build.0 = Debug|Any CPU
		{ED56CB5F-97AF-478C-B49B-67020B08B20C}.Release|Any CPU.ActiveCfg = Release|Any CPU
		{ED56CB5F-97AF-478C-B49B-67020B08B20C}.Release|Any CPU.Build.0 = Release|Any CPU
	EndGlobalSection
	GlobalSection(SolutionProperties) = preSolution
		HideSolutionNode = FALSE
	EndGlobalSection
EndGlobal
